
Microsoft Visual Studio Solution File, Format Version 12.00
# Visual Studio 2013
VisualStudioVersion = 12.0.21005.1
MinimumVisualStudioVersion = 10.0.40219.1
Project("{FAE04EC0-301F-11D3-BF4B-00C04F79EFBC}") = "vssolution", "vssolution\vssolution.csproj", "{8D3E3A64-9F99-4B6A-B295-08D431AD8372}"
EndProject
Global
	GlobalSection(SolutionConfigurationPlatforms) = preSolution
		Debug|Any CPU = Debug|Any CPU
		Release|Any CPU = Release|Any CPU
	EndGlobalSection
	GlobalSection(ProjectConfigurationPlatforms) = postSolution
		{8D3E3A64-9F99-4B6A-B295-08D431AD8372}.Debug|Any CPU.ActiveCfg = Debug|Any CPU
		{8D3E3A64-9F99-4B6A-B295-08D431AD8372}.Debug|Any CPU.Build.0 = Debug|Any CPU
		{8D3E3A64-9F99-4B6A-B295-08D431AD8372}.Release|Any CPU.ActiveCfg = Release|Any CPU
		{8D3E3A64-9F99-4B6A-B295-08D431AD8372}.Release|Any CPU.Build.0 = Release|Any CPU
	EndGlobalSection
	GlobalSection(SolutionProperties) = preSolution
		HideSolutionNode = FALSE
	EndGlobalSection
EndGlobal
